// !$*UTF8*$!
{
	archiveVersion = 1;
	classes = {
	};
	objectVersion = 50;
	objects = {

/* Begin PBXBuildFile section */
		082E45F82278366A004E1703 /* DetailViewController.swift in Sources */ = {isa = PBXBuildFile; fileRef = 082E45F72278366A004E1703 /* DetailViewController.swift */; };
		08566C4B22782037007024B4 /* AppDelegate.swift in Sources */ = {isa = PBXBuildFile; fileRef = 08566C4A22782037007024B4 /* AppDelegate.swift */; };
		08566C5022782037007024B4 /* Main.storyboard in Resources */ = {isa = PBXBuildFile; fileRef = 08566C4E22782037007024B4 /* Main.storyboard */; };
		08566C5322782037007024B4 /* FriendsInfo.xcdatamodeld in Sources */ = {isa = PBXBuildFile; fileRef = 08566C5122782037007024B4 /* FriendsInfo.xcdatamodeld */; };
		08566C5522782038007024B4 /* Assets.xcassets in Resources */ = {isa = PBXBuildFile; fileRef = 08566C5422782038007024B4 /* Assets.xcassets */; };
		08566C5822782038007024B4 /* LaunchScreen.storyboard in Resources */ = {isa = PBXBuildFile; fileRef = 08566C5622782038007024B4 /* LaunchScreen.storyboard */; };
		08566C60227824B8007024B4 /* SaveViewController.swift in Sources */ = {isa = PBXBuildFile; fileRef = 08566C5F227824B8007024B4 /* SaveViewController.swift */; };
		08566C62227824CE007024B4 /* RootTableViewController.swift in Sources */ = {isa = PBXBuildFile; fileRef = 08566C61227824CE007024B4 /* RootTableViewController.swift */; };
/* End PBXBuildFile section */

/* Begin PBXFileReference section */
		082E45F72278366A004E1703 /* DetailViewController.swift */ = {isa = PBXFileReference; lastKnownFileType = sourcecode.swift; path = DetailViewController.swift; sourceTree = "<group>"; };
		08566C4722782037007024B4 /* FriendsInfo.app */ = {isa = PBXFileReference; explicitFileType = wrapper.application; includeInIndex = 0; path = FriendsInfo.app; sourceTree = BUILT_PRODUCTS_DIR; };
		08566C4A22782037007024B4 /* AppDelegate.swift */ = {isa = PBXFileReference; lastKnownFileType = sourcecode.swift; path = AppDelegate.swift; sourceTree = "<group>"; };
		08566C4F22782037007024B4 /* Base */ = {isa = PBXFileReference; lastKnownFileType = file.storyboard; name = Base; path = Base.lproj/Main.storyboard; sourceTree = "<group>"; };
		08566C5222782037007024B4 /* FriendsInfo.xcdatamodel */ = {isa = PBXFileReference; lastKnownFileType = wrapper.xcdatamodel; path = FriendsInfo.xcdatamodel; sourceTree = "<group>"; };
		08566C5422782038007024B4 /* Assets.xcassets */ = {isa = PBXFileReference; lastKnownFileType = folder.assetcatalog; path = Assets.xcassets; sourceTree = "<group>"; };
		08566C5722782038007024B4 /* Base */ = {isa = PBXFileReference; lastKnownFileType = file.storyboard; name = Base; path = Base.lproj/LaunchScreen.storyboard; sourceTree = "<group>"; };
		08566C5922782038007024B4 /* Info.plist */ = {isa = PBXFileReference; lastKnownFileType = text.plist.xml; path = Info.plist; sourceTree = "<group>"; };
		08566C5F227824B8007024B4 /* SaveViewController.swift */ = {isa = PBXFileReference; lastKnownFileType = sourcecode.swift; path = SaveViewController.swift; sourceTree = "<group>"; };
		08566C61227824CE007024B4 /* RootTableViewController.swift */ = {isa = PBXFileReference; lastKnownFileType = sourcecode.swift; path = RootTableViewController.swift; sourceTree = "<group>"; };
/* End PBXFileReference section */

/* Begin PBXFrameworksBuildPhase section */
		08566C4422782037007024B4 /* Frameworks */ = {
			isa = PBXFrameworksBuildPhase;
			buildActionMask = 2147483647;
			files = (
			);
			runOnlyForDeploymentPostprocessing = 0;
		};
/* End PBXFrameworksBuildPhase section */

/* Begin PBXGroup section */
		08420BA923E53E390081C829 /* Storyboard */ = {
			isa = PBXGroup;
			children = (
				08566C4E22782037007024B4 /* Main.storyboard */,
				08566C5622782038007024B4 /* LaunchScreen.storyboard */,
			);
			path = Storyboard;
			sourceTree = "<group>";
		};
		08420BAA23E53E480081C829 /* ViewController */ = {
			isa = PBXGroup;
			children = (
				082E45F72278366A004E1703 /* DetailViewController.swift */,
				08566C5F227824B8007024B4 /* SaveViewController.swift */,
				08566C61227824CE007024B4 /* RootTableViewController.swift */,
			);
			path = ViewController;
			sourceTree = "<group>";
		};
		08566C3E22782037007024B4 = {
			isa = PBXGroup;
			children = (
				08566C4922782037007024B4 /* FriendsInfo */,
				08566C4822782037007024B4 /* Products */,
			);
			sourceTree = "<group>";
		};
		08566C4822782037007024B4 /* Products */ = {
			isa = PBXGroup;
			children = (
				08566C4722782037007024B4 /* FriendsInfo.app */,
			);
			name = Products;
			sourceTree = "<group>";
		};
		08566C4922782037007024B4 /* FriendsInfo */ = {
			isa = PBXGroup;
			children = (
				08420BAA23E53E480081C829 /* ViewController */,
				08420BA923E53E390081C829 /* Storyboard */,
				08566C4A22782037007024B4 /* AppDelegate.swift */,
				08566C5422782038007024B4 /* Assets.xcassets */,
				08566C5922782038007024B4 /* Info.plist */,
				08566C5122782037007024B4 /* FriendsInfo.xcdatamodeld */,
			);
			path = FriendsInfo;
			sourceTree = "<group>";
		};
/* End PBXGroup section */

/* Begin PBXNativeTarget section */
		08566C4622782037007024B4 /* FriendsInfo */ = {
			isa = PBXNativeTarget;
			buildConfigurationList = 08566C5C22782038007024B4 /* Build configuration list for PBXNativeTarget "FriendsInfo" */;
			buildPhases = (
				08566C4322782037007024B4 /* Sources */,
				08566C4422782037007024B4 /* Frameworks */,
				08566C4522782037007024B4 /* Resources */,
			);
			buildRules = (
			);
			dependencies = (
			);
			name = FriendsInfo;
			productName = FriendsInfo;
			productReference = 08566C4722782037007024B4 /* FriendsInfo.app */;
			productType = "com.apple.product-type.application";
		};
/* End PBXNativeTarget section */

/* Begin PBXProject section */
		08566C3F22782037007024B4 /* Project object */ = {
			isa = PBXProject;
			attributes = {
				LastSwiftUpdateCheck = 1010;
				LastUpgradeCheck = 1010;
				ORGANIZATIONNAME = "황수빈";
				TargetAttributes = {
					08566C4622782037007024B4 = {
						CreatedOnToolsVersion = 10.1;
					};
				};
			};
			buildConfigurationList = 08566C4222782037007024B4 /* Build configuration list for PBXProject "FriendsInfo" */;
			compatibilityVersion = "Xcode 9.3";
			developmentRegion = en;
			hasScannedForEncodings = 0;
			knownRegions = (
				en,
				Base,
			);
			mainGroup = 08566C3E22782037007024B4;
			productRefGroup = 08566C4822782037007024B4 /* Products */;
			projectDirPath = "";
			projectRoot = "";
			targets = (
				08566C4622782037007024B4 /* FriendsInfo */,
			);
		};
/* End PBXProject section */

/* Begin PBXResourcesBuildPhase section */
		08566C4522782037007024B4 /* Resources */ = {
			isa = PBXResourcesBuildPhase;
			buildActionMask = 2147483647;
			files = (
				08566C5822782038007024B4 /* LaunchScreen.storyboard in Resources */,
				08566C5522782038007024B4 /* Assets.xcassets in Resources */,
				08566C5022782037007024B4 /* Main.storyboard in Resources */,
			);
			runOnlyForDeploymentPostprocessing = 0;
		};
/* End PBXResourcesBuildPhase section */

/* Begin PBXSourcesBuildPhase section */
		08566C4322782037007024B4 /* Sources */ = {
			isa = PBXSourcesBuildPhase;
			buildActionMask = 2147483647;
			files = (
				08566C5322782037007024B4 /* FriendsInfo.xcdatamodeld in Sources */,
				08566C60227824B8007024B4 /* SaveViewController.swift in Sources */,
				082E45F82278366A004E1703 /* DetailViewController.swift in Sources */,
				08566C4B22782037007024B4 /* AppDelegate.swift in Sources */,
				08566C62227824CE007024B4 /* RootTableViewController.swift in Sources */,
			);
			runOnlyForDeploymentPostprocessing = 0;
		};
/* End PBXSourcesBuildPhase section */

/* Begin PBXVariantGroup section */
		08566C4E22782037007024B4 /* Main.storyboard */ = {
			isa = PBXVariantGroup;
			children = (
				08566C4F22782037007024B4 /* Base */,
			);
			name = Main.storyboard;
			sourceTree = "<group>";
		};
		08566C5622782038007024B4 /* LaunchScreen.storyboard */ = {
			isa = PBXVariantGroup;
			children = (
				08566C5722782038007024B4 /* Base */,
			);
			name = LaunchScreen.storyboard;
			sourceTree = "<group>";
		};
/* End PBXVariantGroup section */

/* Begin XCBuildConfiguration section */
		08566C5A22782038007024B4 /* Debug */ = {
			isa = XCBuildConfiguration;
			buildSettings = {
				ALWAYS_SEARCH_USER_PATHS = NO;
				CLANG_ANALYZER_NONNULL = YES;
				CLANG_ANALYZER_NUMBER_OBJECT_CONVERSION = YES_AGGRESSIVE;
				CLANG_CXX_LANGUAGE_STANDARD = "gnu++14";
				CLANG_CXX_LIBRARY = "libc++";
				CLANG_ENABLE_MODULES = YES;
				CLANG_ENABLE_OBJC_ARC = YES;
				CLANG_ENABLE_OBJC_WEAK = YES;
				CLANG_WARN_BLOCK_CAPTURE_AUTORELEASING = YES;
				CLANG_WARN_BOOL_CONVERSION = YES;
				CLANG_WARN_COMMA = YES;
				CLANG_WARN_CONSTANT_CONVERSION = YES;
				CLANG_WARN_DEPRECATED_OBJC_IMPLEMENTATIONS = YES;
				CLANG_WARN_DIRECT_OBJC_ISA_USAGE = YES_ERROR;
				CLANG_WARN_DOCUMENTATION_COMMENTS = YES;
				CLANG_WARN_EMPTY_BODY = YES;
				CLANG_WARN_ENUM_CONVERSION = YES;
				CLANG_WARN_INFINITE_RECURSION = YES;
				CLANG_WARN_INT_CONVERSION = YES;
				CLANG_WARN_NON_LITERAL_NULL_CONVERSION = YES;
				CLANG_WARN_OBJC_IMPLICIT_RETAIN_SELF = YES;
				CLANG_WARN_OBJC_LITERAL_CONVERSION = YES;
				CLANG_WARN_OBJC_ROOT_CLASS = YES_ERROR;
				CLANG_WARN_RANGE_LOOP_ANALYSIS = YES;
				CLANG_WARN_STRICT_PROTOTYPES = YES;
				CLANG_WARN_SUSPICIOUS_MOVE = YES;
				CLANG_WARN_UNGUARDED_AVAILABILITY = YES_AGGRESSIVE;
				CLANG_WARN_UNREACHABLE_CODE = YES;
				CLANG_WARN__DUPLICATE_METHOD_MATCH = YES;
				CODE_SIGN_IDENTITY = "iPhone Developer";
				COPY_PHASE_STRIP = NO;
				DEBUG_INFORMATION_FORMAT = dwarf;
				ENABLE_STRICT_OBJC_MSGSEND = YES;
				ENABLE_TESTABILITY = YES;
				GCC_C_LANGUAGE_STANDARD = gnu11;
				GCC_DYNAMIC_NO_PIC = NO;
				GCC_NO_COMMON_BLOCKS = YES;
				GCC_OPTIMIZATION_LEVEL = 0;
				GCC_PREPROCESSOR_DEFINITIONS = (
					"DEBUG=1",
					"$(inherited)",
				);
				GCC_WARN_64_TO_32_BIT_CONVERSION = YES;
				GCC_WARN_ABOUT_RETURN_TYPE = YES_ERROR;
				GCC_WARN_UNDECLARED_SELECTOR = YES;
				GCC_WARN_UNINITIALIZED_AUTOS = YES_AGGRESSIVE;
				GCC_WARN_UNUSED_FUNCTION = YES;
				GCC_WARN_UNUSED_VARIABLE = YES;
				IPHONEOS_DEPLOYMENT_TARGET = 12.1;
				MTL_ENABLE_DEBUG_INFO = INCLUDE_SOURCE;
				MTL_FAST_MATH = YES;
				ONLY_ACTIVE_ARCH = YES;
				SDKROOT = iphoneos;
				SWIFT_ACTIVE_COMPILATION_CONDITIONS = DEBUG;
				SWIFT_OPTIMIZATION_LEVEL = "-Onone";
			};
			name = Debug;
		};
		08566C5B22782038007024B4 /* Release */ = {
			isa = XCBuildConfiguration;
			buildSettings = {
				ALWAYS_SEARCH_USER_PATHS = NO;
				CLANG_ANALYZER_NONNULL = YES;
				CLANG_ANALYZER_NUMBER_OBJECT_CONVERSION = YES_AGGRESSIVE;
				CLANG_CXX_LANGUAGE_STANDARD = "gnu++14";
				CLANG_CXX_LIBRARY = "libc++";
				CLANG_ENABLE_MODULES = YES;
				CLANG_ENABLE_OBJC_ARC = YES;
				CLANG_ENABLE_OBJC_WEAK = YES;
				CLANG_WARN_BLOCK_CAPTURE_AUTORELEASING = YES;
				CLANG_WARN_BOOL_CONVERSION = YES;
				CLANG_WARN_COMMA = YES;
				CLANG_WARN_CONSTANT_CONVERSION = YES;
				CLANG_WARN_DEPRECATED_OBJC_IMPLEMENTATIONS = YES;
				CLANG_WARN_DIRECT_OBJC_ISA_USAGE = YES_ERROR;
				CLANG_WARN_DOCUMENTATION_COMMENTS = YES;
				CLANG_WARN_EMPTY_BODY = YES;
				CLANG_WARN_ENUM_CONVERSION = YES;
				CLANG_WARN_INFINITE_RECURSION = YES;
				CLANG_WARN_INT_CONVERSION = YES;
				CLANG_WARN_NON_LITERAL_NULL_CONVERSION = YES;
				CLANG_WARN_OBJC_IMPLICIT_RETAIN_SELF = YES;
				CLANG_WARN_OBJC_LITERAL_CONVERSION = YES;
				CLANG_WARN_OBJC_ROOT_CLASS = YES_ERROR;
				CLANG_WARN_RANGE_LOOP_ANALYSIS = YES;
				CLANG_WARN_STRICT_PROTOTYPES = YES;
				CLANG_WARN_SUSPICIOUS_MOVE = YES;
				CLANG_WARN_UNGUARDED_AVAILABILITY = YES_AGGRESSIVE;
				CLANG_WARN_UNREACHABLE_CODE = YES;
				CLANG_WARN__DUPLICATE_METHOD_MATCH = YES;
				CODE_SIGN_IDENTITY = "iPhone Developer";
				COPY_PHASE_STRIP = NO;
				DEBUG_INFORMATION_FORMAT = "dwarf-with-dsym";
				ENABLE_NS_ASSERTIONS = NO;
				ENABLE_STRICT_OBJC_MSGSEND = YES;
				GCC_C_LANGUAGE_STANDARD = gnu11;
				GCC_NO_COMMON_BLOCKS = YES;
				GCC_WARN_64_TO_32_BIT_CONVERSION = YES;
				GCC_WARN_ABOUT_RETURN_TYPE = YES_ERROR;
				GCC_WARN_UNDECLARED_SELECTOR = YES;
				GCC_WARN_UNINITIALIZED_AUTOS = YES_AGGRESSIVE;
				GCC_WARN_UNUSED_FUNCTION = YES;
				GCC_WARN_UNUSED_VARIABLE = YES;
				IPHONEOS_DEPLOYMENT_TARGET = 12.1;
				MTL_ENABLE_DEBUG_INFO = NO;
				MTL_FAST_MATH = YES;
				SDKROOT = iphoneos;
				SWIFT_COMPILATION_MODE = wholemodule;
				SWIFT_OPTIMIZATION_LEVEL = "-O";
				VALIDATE_PRODUCT = YES;
			};
			name = Release;
		};
		08566C5D22782038007024B4 /* Debug */ = {
			isa = XCBuildConfiguration;
			buildSettings = {
				ASSETCATALOG_COMPILER_APPICON_NAME = AppIcon;
				CODE_SIGN_STYLE = Automatic;
				DEVELOPMENT_TEAM = 39X44DH4RN;
				INFOPLIST_FILE = FriendsInfo/Info.plist;
				LD_RUNPATH_SEARCH_PATHS = (
					"$(inherited)",
					"@executable_path/Frameworks",
				);
				PRODUCT_BUNDLE_IDENTIFIER = SOPT.FriendsInfo;
				PRODUCT_NAME = "$(TARGET_NAME)";
				SWIFT_VERSION = 4.2;
				TARGETED_DEVICE_FAMILY = "1,2";
			};
			name = Debug;
		};
		08566C5E22782038007024B4 /* Release */ = {
			isa = XCBuildConfiguration;
			buildSettings = {
				ASSETCATALOG_COMPILER_APPICON_NAME = AppIcon;
				CODE_SIGN_STYLE = Automatic;
				DEVELOPMENT_TEAM = 39X44DH4RN;
				INFOPLIST_FILE = FriendsInfo/Info.plist;
				LD_RUNPATH_SEARCH_PATHS = (
					"$(inherited)",
					"@executable_path/Frameworks",
				);
				PRODUCT_BUNDLE_IDENTIFIER = SOPT.FriendsInfo;
				PRODUCT_NAME = "$(TARGET_NAME)";
				SWIFT_VERSION = 4.2;
				TARGETED_DEVICE_FAMILY = "1,2";
			};
			name = Release;
		};
/* End XCBuildConfiguration section */

/* Begin XCConfigurationList section */
		08566C4222782037007024B4 /* Build configuration list for PBXProject "FriendsInfo" */ = {
			isa = XCConfigurationList;
			buildConfigurations = (
				08566C5A22782038007024B4 /* Debug */,
				08566C5B22782038007024B4 /* Release */,
			);
			defaultConfigurationIsVisible = 0;
			defaultConfigurationName = Release;
		};
		08566C5C22782038007024B4 /* Build configuration list for PBXNativeTarget "FriendsInfo" */ = {
			isa = XCConfigurationList;
			buildConfigurations = (
				08566C5D22782038007024B4 /* Debug */,
				08566C5E22782038007024B4 /* Release */,
			);
			defaultConfigurationIsVisible = 0;
			defaultConfigurationName = Release;
		};
/* End XCConfigurationList section */

/* Begin XCVersionGroup section */
		08566C5122782037007024B4 /* FriendsInfo.xcdatamodeld */ = {
			isa = XCVersionGroup;
			children = (
				08566C5222782037007024B4 /* FriendsInfo.xcdatamodel */,
			);
			currentVersion = 08566C5222782037007024B4 /* FriendsInfo.xcdatamodel */;
			path = FriendsInfo.xcdatamodeld;
			sourceTree = "<group>";
			versionGroupType = wrapper.xcdatamodel;
		};
/* End XCVersionGroup section */
	};
	rootObject = 08566C3F22782037007024B4 /* Project object */;
}
