// !$*UTF8*$!
{
	archiveVersion = 1;
	classes = {
	};
	objectVersion = 50;
	objects = {

/* Begin PBXBuildFile section */
		8608FD7B2789D96800C5F4C4 /* FavoriteButton.swift in Sources */ = {isa = PBXBuildFile; fileRef = 8608FD7A2789D96800C5F4C4 /* FavoriteButton.swift */; };
		8608FD7F278ACBBF00C5F4C4 /* HexagonParameters.swift in Sources */ = {isa = PBXBuildFile; fileRef = 8608FD7E278ACBBF00C5F4C4 /* HexagonParameters.swift */; };
		8608FD81278ACCAA00C5F4C4 /* BadgeBackground.swift in Sources */ = {isa = PBXBuildFile; fileRef = 8608FD80278ACCAA00C5F4C4 /* BadgeBackground.swift */; };
		8608FD83278AD7A200C5F4C4 /* BadgeSymbol.swift in Sources */ = {isa = PBXBuildFile; fileRef = 8608FD82278AD7A200C5F4C4 /* BadgeSymbol.swift */; };
		869BD6132787193D00EA3B97 /* LandmarksApp.swift in Sources */ = {isa = PBXBuildFile; fileRef = 869BD6122787193D00EA3B97 /* LandmarksApp.swift */; };
		869BD6152787193D00EA3B97 /* ContentView.swift in Sources */ = {isa = PBXBuildFile; fileRef = 869BD6142787193D00EA3B97 /* ContentView.swift */; };
		869BD6172787193D00EA3B97 /* Assets.xcassets in Resources */ = {isa = PBXBuildFile; fileRef = 869BD6162787193D00EA3B97 /* Assets.xcassets */; };
		869BD61A2787193D00EA3B97 /* Preview Assets.xcassets in Resources */ = {isa = PBXBuildFile; fileRef = 869BD6192787193D00EA3B97 /* Preview Assets.xcassets */; };
		869BD62227871C9200EA3B97 /* CircleImage.swift in Sources */ = {isa = PBXBuildFile; fileRef = 869BD62127871C9200EA3B97 /* CircleImage.swift */; };
		869BD6242787241B00EA3B97 /* MapView.swift in Sources */ = {isa = PBXBuildFile; fileRef = 869BD6232787241B00EA3B97 /* MapView.swift */; };
		869BD63827887E2E00EA3B97 /* Landmark.swift in Sources */ = {isa = PBXBuildFile; fileRef = 869BD63727887E2E00EA3B97 /* Landmark.swift */; };
		869BD63A27887F2600EA3B97 /* ModelData.swift in Sources */ = {isa = PBXBuildFile; fileRef = 869BD63927887F2600EA3B97 /* ModelData.swift */; };
		869BD64627887FED00EA3B97 /* landmarkData.json in Resources */ = {isa = PBXBuildFile; fileRef = 869BD64527887FED00EA3B97 /* landmarkData.json */; };
		869BD6482788804F00EA3B97 /* LandmarkRow.swift in Sources */ = {isa = PBXBuildFile; fileRef = 869BD6472788804F00EA3B97 /* LandmarkRow.swift */; };
		869BD64A2788820600EA3B97 /* LandmarkList.swift in Sources */ = {isa = PBXBuildFile; fileRef = 869BD6492788820600EA3B97 /* LandmarkList.swift */; };
		869BD64C2788832500EA3B97 /* LandmarkDetail.swift in Sources */ = {isa = PBXBuildFile; fileRef = 869BD64B2788832500EA3B97 /* LandmarkDetail.swift */; };
/* End PBXBuildFile section */

/* Begin PBXFileReference section */
		8608FD7A2789D96800C5F4C4 /* FavoriteButton.swift */ = {isa = PBXFileReference; lastKnownFileType = sourcecode.swift; path = FavoriteButton.swift; sourceTree = "<group>"; };
		8608FD7E278ACBBF00C5F4C4 /* HexagonParameters.swift */ = {isa = PBXFileReference; lastKnownFileType = sourcecode.swift; path = HexagonParameters.swift; sourceTree = "<group>"; };
		8608FD80278ACCAA00C5F4C4 /* BadgeBackground.swift */ = {isa = PBXFileReference; lastKnownFileType = sourcecode.swift; path = BadgeBackground.swift; sourceTree = "<group>"; };
		8608FD82278AD7A200C5F4C4 /* BadgeSymbol.swift */ = {isa = PBXFileReference; lastKnownFileType = sourcecode.swift; path = BadgeSymbol.swift; sourceTree = "<group>"; };
		869BD60F2787193D00EA3B97 /* Landmarks.app */ = {isa = PBXFileReference; explicitFileType = wrapper.application; includeInIndex = 0; path = Landmarks.app; sourceTree = BUILT_PRODUCTS_DIR; };
		869BD6122787193D00EA3B97 /* LandmarksApp.swift */ = {isa = PBXFileReference; lastKnownFileType = sourcecode.swift; path = LandmarksApp.swift; sourceTree = "<group>"; };
		869BD6142787193D00EA3B97 /* ContentView.swift */ = {isa = PBXFileReference; lastKnownFileType = sourcecode.swift; path = ContentView.swift; sourceTree = "<group>"; };
		869BD6162787193D00EA3B97 /* Assets.xcassets */ = {isa = PBXFileReference; lastKnownFileType = folder.assetcatalog; path = Assets.xcassets; sourceTree = "<group>"; };
		869BD6192787193D00EA3B97 /* Preview Assets.xcassets */ = {isa = PBXFileReference; lastKnownFileType = folder.assetcatalog; path = "Preview Assets.xcassets"; sourceTree = "<group>"; };
		869BD61B2787193D00EA3B97 /* Info.plist */ = {isa = PBXFileReference; lastKnownFileType = text.plist.xml; path = Info.plist; sourceTree = "<group>"; };
		869BD62127871C9200EA3B97 /* CircleImage.swift */ = {isa = PBXFileReference; lastKnownFileType = sourcecode.swift; path = CircleImage.swift; sourceTree = "<group>"; };
		869BD6232787241B00EA3B97 /* MapView.swift */ = {isa = PBXFileReference; lastKnownFileType = sourcecode.swift; path = MapView.swift; sourceTree = "<group>"; };
		869BD63727887E2E00EA3B97 /* Landmark.swift */ = {isa = PBXFileReference; lastKnownFileType = sourcecode.swift; path = Landmark.swift; sourceTree = "<group>"; };
		869BD63927887F2600EA3B97 /* ModelData.swift */ = {isa = PBXFileReference; lastKnownFileType = sourcecode.swift; path = ModelData.swift; sourceTree = "<group>"; };
		869BD64527887FED00EA3B97 /* landmarkData.json */ = {isa = PBXFileReference; fileEncoding = 4; lastKnownFileType = text.json; path = landmarkData.json; sourceTree = "<group>"; };
		869BD6472788804F00EA3B97 /* LandmarkRow.swift */ = {isa = PBXFileReference; lastKnownFileType = sourcecode.swift; path = LandmarkRow.swift; sourceTree = "<group>"; };
		869BD6492788820600EA3B97 /* LandmarkList.swift */ = {isa = PBXFileReference; lastKnownFileType = sourcecode.swift; path = LandmarkList.swift; sourceTree = "<group>"; };
		869BD64B2788832500EA3B97 /* LandmarkDetail.swift */ = {isa = PBXFileReference; lastKnownFileType = sourcecode.swift; path = LandmarkDetail.swift; sourceTree = "<group>"; };
/* End PBXFileReference section */

/* Begin PBXFrameworksBuildPhase section */
		869BD60C2787193D00EA3B97 /* Frameworks */ = {
			isa = PBXFrameworksBuildPhase;
			buildActionMask = 2147483647;
			files = (
			);
			runOnlyForDeploymentPostprocessing = 0;
		};
/* End PBXFrameworksBuildPhase section */

/* Begin PBXGroup section */
		8608FD7C2789DC0900C5F4C4 /* Landmarks */ = {
			isa = PBXGroup;
			children = (
				869BD6492788820600EA3B97 /* LandmarkList.swift */,
				869BD6472788804F00EA3B97 /* LandmarkRow.swift */,
				869BD64B2788832500EA3B97 /* LandmarkDetail.swift */,
				8608FD7E278ACBBF00C5F4C4 /* HexagonParameters.swift */,
				8608FD80278ACCAA00C5F4C4 /* BadgeBackground.swift */,
				8608FD82278AD7A200C5F4C4 /* BadgeSymbol.swift */,
			);
			path = Landmarks;
			sourceTree = "<group>";
		};
		8608FD7D2789DC1300C5F4C4 /* Helpers */ = {
			isa = PBXGroup;
			children = (
				869BD62127871C9200EA3B97 /* CircleImage.swift */,
				869BD6232787241B00EA3B97 /* MapView.swift */,
				8608FD7A2789D96800C5F4C4 /* FavoriteButton.swift */,
			);
			path = Helpers;
			sourceTree = "<group>";
		};
		869BD6062787193D00EA3B97 = {
			isa = PBXGroup;
			children = (
				869BD6112787193D00EA3B97 /* Landmarks */,
				869BD6102787193D00EA3B97 /* Products */,
			);
			sourceTree = "<group>";
		};
		869BD6102787193D00EA3B97 /* Products */ = {
			isa = PBXGroup;
			children = (
				869BD60F2787193D00EA3B97 /* Landmarks.app */,
			);
			name = Products;
			sourceTree = "<group>";
		};
		869BD6112787193D00EA3B97 /* Landmarks */ = {
			isa = PBXGroup;
			children = (
				869BD6122787193D00EA3B97 /* LandmarksApp.swift */,
				869BD64227887FA000EA3B97 /* Views */,
				869BD64327887FB200EA3B97 /* Model */,
				869BD64427887FC500EA3B97 /* Resources */,
				869BD6162787193D00EA3B97 /* Assets.xcassets */,
				869BD61B2787193D00EA3B97 /* Info.plist */,
				869BD6182787193D00EA3B97 /* Preview Content */,
			);
			path = Landmarks;
			sourceTree = "<group>";
		};
		869BD6182787193D00EA3B97 /* Preview Content */ = {
			isa = PBXGroup;
			children = (
				869BD6192787193D00EA3B97 /* Preview Assets.xcassets */,
			);
			path = "Preview Content";
			sourceTree = "<group>";
		};
		869BD64227887FA000EA3B97 /* Views */ = {
			isa = PBXGroup;
			children = (
				869BD6142787193D00EA3B97 /* ContentView.swift */,
				8608FD7C2789DC0900C5F4C4 /* Landmarks */,
				8608FD7D2789DC1300C5F4C4 /* Helpers */,
			);
			path = Views;
			sourceTree = "<group>";
		};
		869BD64327887FB200EA3B97 /* Model */ = {
			isa = PBXGroup;
			children = (
				869BD63927887F2600EA3B97 /* ModelData.swift */,
				869BD63727887E2E00EA3B97 /* Landmark.swift */,
			);
			path = Model;
			sourceTree = "<group>";
		};
		869BD64427887FC500EA3B97 /* Resources */ = {
			isa = PBXGroup;
			children = (
				869BD64527887FED00EA3B97 /* landmarkData.json */,
			);
			path = Resources;
			sourceTree = "<group>";
		};
/* End PBXGroup section */

/* Begin PBXNativeTarget section */
		869BD60E2787193D00EA3B97 /* Landmarks */ = {
			isa = PBXNativeTarget;
			buildConfigurationList = 869BD61E2787193D00EA3B97 /* Build configuration list for PBXNativeTarget "Landmarks" */;
			buildPhases = (
				869BD60B2787193D00EA3B97 /* Sources */,
				869BD60C2787193D00EA3B97 /* Frameworks */,
				869BD60D2787193D00EA3B97 /* Resources */,
			);
			buildRules = (
			);
			dependencies = (
			);
			name = Landmarks;
			productName = Landmarks;
			productReference = 869BD60F2787193D00EA3B97 /* Landmarks.app */;
			productType = "com.apple.product-type.application";
		};
/* End PBXNativeTarget section */

/* Begin PBXProject section */
		869BD6072787193D00EA3B97 /* Project object */ = {
			isa = PBXProject;
			attributes = {
				LastSwiftUpdateCheck = 1250;
				LastUpgradeCheck = 1250;
				TargetAttributes = {
					869BD60E2787193D00EA3B97 = {
						CreatedOnToolsVersion = 12.5.1;
					};
				};
			};
			buildConfigurationList = 869BD60A2787193D00EA3B97 /* Build configuration list for PBXProject "Landmarks" */;
			compatibilityVersion = "Xcode 9.3";
			developmentRegion = en;
			hasScannedForEncodings = 0;
			knownRegions = (
				en,
				Base,
			);
			mainGroup = 869BD6062787193D00EA3B97;
			productRefGroup = 869BD6102787193D00EA3B97 /* Products */;
			projectDirPath = "";
			projectRoot = "";
			targets = (
				869BD60E2787193D00EA3B97 /* Landmarks */,
			);
		};
/* End PBXProject section */

/* Begin PBXResourcesBuildPhase section */
		869BD60D2787193D00EA3B97 /* Resources */ = {
			isa = PBXResourcesBuildPhase;
			buildActionMask = 2147483647;
			files = (
				869BD61A2787193D00EA3B97 /* Preview Assets.xcassets in Resources */,
				869BD6172787193D00EA3B97 /* Assets.xcassets in Resources */,
				869BD64627887FED00EA3B97 /* landmarkData.json in Resources */,
			);
			runOnlyForDeploymentPostprocessing = 0;
		};
/* End PBXResourcesBuildPhase section */

/* Begin PBXSourcesBuildPhase section */
		869BD60B2787193D00EA3B97 /* Sources */ = {
			isa = PBXSourcesBuildPhase;
			buildActionMask = 2147483647;
			files = (
				869BD6152787193D00EA3B97 /* ContentView.swift in Sources */,
				869BD6242787241B00EA3B97 /* MapView.swift in Sources */,
				869BD6132787193D00EA3B97 /* LandmarksApp.swift in Sources */,
				8608FD7B2789D96800C5F4C4 /* FavoriteButton.swift in Sources */,
				8608FD7F278ACBBF00C5F4C4 /* HexagonParameters.swift in Sources */,
				8608FD83278AD7A200C5F4C4 /* BadgeSymbol.swift in Sources */,
				869BD64A2788820600EA3B97 /* LandmarkList.swift in Sources */,
				869BD64C2788832500EA3B97 /* LandmarkDetail.swift in Sources */,
				8608FD81278ACCAA00C5F4C4 /* BadgeBackground.swift in Sources */,
				869BD62227871C9200EA3B97 /* CircleImage.swift in Sources */,
				869BD63827887E2E00EA3B97 /* Landmark.swift in Sources */,
				869BD6482788804F00EA3B97 /* LandmarkRow.swift in Sources */,
				869BD63A27887F2600EA3B97 /* ModelData.swift in Sources */,
			);
			runOnlyForDeploymentPostprocessing = 0;
		};
/* End PBXSourcesBuildPhase section */

/* Begin XCBuildConfiguration section */
		869BD61C2787193D00EA3B97 /* Debug */ = {
			isa = XCBuildConfiguration;
			buildSettings = {
				ALWAYS_SEARCH_USER_PATHS = NO;
				CLANG_ANALYZER_NONNULL = YES;
				CLANG_ANALYZER_NUMBER_OBJECT_CONVERSION = YES_AGGRESSIVE;
				CLANG_CXX_LANGUAGE_STANDARD = "gnu++14";
				CLANG_CXX_LIBRARY = "libc++";
				CLANG_ENABLE_MODULES = YES;
				CLANG_ENABLE_OBJC_ARC = YES;
				CLANG_ENABLE_OBJC_WEAK = YES;
				CLANG_WARN_BLOCK_CAPTURE_AUTORELEASING = YES;
				CLANG_WARN_BOOL_CONVERSION = YES;
				CLANG_WARN_COMMA = YES;
				CLANG_WARN_CONSTANT_CONVERSION = YES;
				CLANG_WARN_DEPRECATED_OBJC_IMPLEMENTATIONS = YES;
				CLANG_WARN_DIRECT_OBJC_ISA_USAGE = YES_ERROR;
				CLANG_WARN_DOCUMENTATION_COMMENTS = YES;
				CLANG_WARN_EMPTY_BODY = YES;
				CLANG_WARN_ENUM_CONVERSION = YES;
				CLANG_WARN_INFINITE_RECURSION = YES;
				CLANG_WARN_INT_CONVERSION = YES;
				CLANG_WARN_NON_LITERAL_NULL_CONVERSION = YES;
				CLANG_WARN_OBJC_IMPLICIT_RETAIN_SELF = YES;
				CLANG_WARN_OBJC_LITERAL_CONVERSION = YES;
				CLANG_WARN_OBJC_ROOT_CLASS = YES_ERROR;
				CLANG_WARN_QUOTED_INCLUDE_IN_FRAMEWORK_HEADER = YES;
				CLANG_WARN_RANGE_LOOP_ANALYSIS = YES;
				CLANG_WARN_STRICT_PROTOTYPES = YES;
				CLANG_WARN_SUSPICIOUS_MOVE = YES;
				CLANG_WARN_UNGUARDED_AVAILABILITY = YES_AGGRESSIVE;
				CLANG_WARN_UNREACHABLE_CODE = YES;
				CLANG_WARN__DUPLICATE_METHOD_MATCH = YES;
				COPY_PHASE_STRIP = NO;
				DEBUG_INFORMATION_FORMAT = dwarf;
				ENABLE_STRICT_OBJC_MSGSEND = YES;
				ENABLE_TESTABILITY = YES;
				GCC_C_LANGUAGE_STANDARD = gnu11;
				GCC_DYNAMIC_NO_PIC = NO;
				GCC_NO_COMMON_BLOCKS = YES;
				GCC_OPTIMIZATION_LEVEL = 0;
				GCC_PREPROCESSOR_DEFINITIONS = (
					"DEBUG=1",
					"$(inherited)",
				);
				GCC_WARN_64_TO_32_BIT_CONVERSION = YES;
				GCC_WARN_ABOUT_RETURN_TYPE = YES_ERROR;
				GCC_WARN_UNDECLARED_SELECTOR = YES;
				GCC_WARN_UNINITIALIZED_AUTOS = YES_AGGRESSIVE;
				GCC_WARN_UNUSED_FUNCTION = YES;
				GCC_WARN_UNUSED_VARIABLE = YES;
				IPHONEOS_DEPLOYMENT_TARGET = 14.5;
				MTL_ENABLE_DEBUG_INFO = INCLUDE_SOURCE;
				MTL_FAST_MATH = YES;
				ONLY_ACTIVE_ARCH = YES;
				SDKROOT = iphoneos;
				SWIFT_ACTIVE_COMPILATION_CONDITIONS = DEBUG;
				SWIFT_OPTIMIZATION_LEVEL = "-Onone";
			};
			name = Debug;
		};
		869BD61D2787193D00EA3B97 /* Release */ = {
			isa = XCBuildConfiguration;
			buildSettings = {
				ALWAYS_SEARCH_USER_PATHS = NO;
				CLANG_ANALYZER_NONNULL = YES;
				CLANG_ANALYZER_NUMBER_OBJECT_CONVERSION = YES_AGGRESSIVE;
				CLANG_CXX_LANGUAGE_STANDARD = "gnu++14";
				CLANG_CXX_LIBRARY = "libc++";
				CLANG_ENABLE_MODULES = YES;
				CLANG_ENABLE_OBJC_ARC = YES;
				CLANG_ENABLE_OBJC_WEAK = YES;
				CLANG_WARN_BLOCK_CAPTURE_AUTORELEASING = YES;
				CLANG_WARN_BOOL_CONVERSION = YES;
				CLANG_WARN_COMMA = YES;
				CLANG_WARN_CONSTANT_CONVERSION = YES;
				CLANG_WARN_DEPRECATED_OBJC_IMPLEMENTATIONS = YES;
				CLANG_WARN_DIRECT_OBJC_ISA_USAGE = YES_ERROR;
				CLANG_WARN_DOCUMENTATION_COMMENTS = YES;
				CLANG_WARN_EMPTY_BODY = YES;
				CLANG_WARN_ENUM_CONVERSION = YES;
				CLANG_WARN_INFINITE_RECURSION = YES;
				CLANG_WARN_INT_CONVERSION = YES;
				CLANG_WARN_NON_LITERAL_NULL_CONVERSION = YES;
				CLANG_WARN_OBJC_IMPLICIT_RETAIN_SELF = YES;
				CLANG_WARN_OBJC_LITERAL_CONVERSION = YES;
				CLANG_WARN_OBJC_ROOT_CLASS = YES_ERROR;
				CLANG_WARN_QUOTED_INCLUDE_IN_FRAMEWORK_HEADER = YES;
				CLANG_WARN_RANGE_LOOP_ANALYSIS = YES;
				CLANG_WARN_STRICT_PROTOTYPES = YES;
				CLANG_WARN_SUSPICIOUS_MOVE = YES;
				CLANG_WARN_UNGUARDED_AVAILABILITY = YES_AGGRESSIVE;
				CLANG_WARN_UNREACHABLE_CODE = YES;
				CLANG_WARN__DUPLICATE_METHOD_MATCH = YES;
				COPY_PHASE_STRIP = NO;
				DEBUG_INFORMATION_FORMAT = "dwarf-with-dsym";
				ENABLE_NS_ASSERTIONS = NO;
				ENABLE_STRICT_OBJC_MSGSEND = YES;
				GCC_C_LANGUAGE_STANDARD = gnu11;
				GCC_NO_COMMON_BLOCKS = YES;
				GCC_WARN_64_TO_32_BIT_CONVERSION = YES;
				GCC_WARN_ABOUT_RETURN_TYPE = YES_ERROR;
				GCC_WARN_UNDECLARED_SELECTOR = YES;
				GCC_WARN_UNINITIALIZED_AUTOS = YES_AGGRESSIVE;
				GCC_WARN_UNUSED_FUNCTION = YES;
				GCC_WARN_UNUSED_VARIABLE = YES;
				IPHONEOS_DEPLOYMENT_TARGET = 14.5;
				MTL_ENABLE_DEBUG_INFO = NO;
				MTL_FAST_MATH = YES;
				SDKROOT = iphoneos;
				SWIFT_COMPILATION_MODE = wholemodule;
				SWIFT_OPTIMIZATION_LEVEL = "-O";
				VALIDATE_PRODUCT = YES;
			};
			name = Release;
		};
		869BD61F2787193D00EA3B97 /* Debug */ = {
			isa = XCBuildConfiguration;
			buildSettings = {
				ASSETCATALOG_COMPILER_APPICON_NAME = AppIcon;
				ASSETCATALOG_COMPILER_GLOBAL_ACCENT_COLOR_NAME = AccentColor;
				CODE_SIGN_STYLE = Automatic;
				DEVELOPMENT_ASSET_PATHS = "\"Landmarks/Preview Content\"";
				DEVELOPMENT_TEAM = 39X44DH4RN;
				ENABLE_PREVIEWS = YES;
				INFOPLIST_FILE = Landmarks/Info.plist;
				IPHONEOS_DEPLOYMENT_TARGET = 14.0;
				LD_RUNPATH_SEARCH_PATHS = (
					"$(inherited)",
					"@executable_path/Frameworks",
				);
				PRODUCT_BUNDLE_IDENTIFIER = com.toby.Landmarks;
				PRODUCT_NAME = "$(TARGET_NAME)";
				SWIFT_VERSION = 5.0;
				TARGETED_DEVICE_FAMILY = "1,2";
			};
			name = Debug;
		};
		869BD6202787193D00EA3B97 /* Release */ = {
			isa = XCBuildConfiguration;
			buildSettings = {
				ASSETCATALOG_COMPILER_APPICON_NAME = AppIcon;
				ASSETCATALOG_COMPILER_GLOBAL_ACCENT_COLOR_NAME = AccentColor;
				CODE_SIGN_STYLE = Automatic;
				DEVELOPMENT_ASSET_PATHS = "\"Landmarks/Preview Content\"";
				DEVELOPMENT_TEAM = 39X44DH4RN;
				ENABLE_PREVIEWS = YES;
				INFOPLIST_FILE = Landmarks/Info.plist;
				IPHONEOS_DEPLOYMENT_TARGET = 14.0;
				LD_RUNPATH_SEARCH_PATHS = (
					"$(inherited)",
					"@executable_path/Frameworks",
				);
				PRODUCT_BUNDLE_IDENTIFIER = com.toby.Landmarks;
				PRODUCT_NAME = "$(TARGET_NAME)";
				SWIFT_VERSION = 5.0;
				TARGETED_DEVICE_FAMILY = "1,2";
			};
			name = Release;
		};
/* End XCBuildConfiguration section */

/* Begin XCConfigurationList section */
		869BD60A2787193D00EA3B97 /* Build configuration list for PBXProject "Landmarks" */ = {
			isa = XCConfigurationList;
			buildConfigurations = (
				869BD61C2787193D00EA3B97 /* Debug */,
				869BD61D2787193D00EA3B97 /* Release */,
			);
			defaultConfigurationIsVisible = 0;
			defaultConfigurationName = Release;
		};
		869BD61E2787193D00EA3B97 /* Build configuration list for PBXNativeTarget "Landmarks" */ = {
			isa = XCConfigurationList;
			buildConfigurations = (
				869BD61F2787193D00EA3B97 /* Debug */,
				869BD6202787193D00EA3B97 /* Release */,
			);
			defaultConfigurationIsVisible = 0;
			defaultConfigurationName = Release;
		};
/* End XCConfigurationList section */
	};
	rootObject = 869BD6072787193D00EA3B97 /* Project object */;
}
