// !$*UTF8*$!
{
	archiveVersion = 1;
	classes = {
	};
	objectVersion = 50;
	objects = {

/* Begin PBXBuildFile section */
		867B824B27A4652700271757 /* Goal.swift in Sources */ = {isa = PBXBuildFile; fileRef = 867B824A27A4652700271757 /* Goal.swift */; };
		867B824E27A4652F00271757 /* FirstGoalView.swift in Sources */ = {isa = PBXBuildFile; fileRef = 867B824C27A4652F00271757 /* FirstGoalView.swift */; };
		867B824F27A4652F00271757 /* SecondGoalView.swift in Sources */ = {isa = PBXBuildFile; fileRef = 867B824D27A4652F00271757 /* SecondGoalView.swift */; };
		F4DAA570251AF69000BF8B5C /* SwiftUIMatchedGeometryApp.swift in Sources */ = {isa = PBXBuildFile; fileRef = F4DAA56F251AF69000BF8B5C /* SwiftUIMatchedGeometryApp.swift */; };
		F4DAA572251AF69000BF8B5C /* ContentView.swift in Sources */ = {isa = PBXBuildFile; fileRef = F4DAA571251AF69000BF8B5C /* ContentView.swift */; };
		F4DAA574251AF69300BF8B5C /* Assets.xcassets in Resources */ = {isa = PBXBuildFile; fileRef = F4DAA573251AF69300BF8B5C /* Assets.xcassets */; };
		F4DAA577251AF69300BF8B5C /* Preview Assets.xcassets in Resources */ = {isa = PBXBuildFile; fileRef = F4DAA576251AF69300BF8B5C /* Preview Assets.xcassets */; };
		F4DAA580251B364000BF8B5C /* SimpleViewTransition.swift in Sources */ = {isa = PBXBuildFile; fileRef = F4DAA57F251B364000BF8B5C /* SimpleViewTransition.swift */; };
/* End PBXBuildFile section */

/* Begin PBXFileReference section */
		867B824A27A4652700271757 /* Goal.swift */ = {isa = PBXFileReference; fileEncoding = 4; lastKnownFileType = sourcecode.swift; path = Goal.swift; sourceTree = "<group>"; };
		867B824C27A4652F00271757 /* FirstGoalView.swift */ = {isa = PBXFileReference; fileEncoding = 4; lastKnownFileType = sourcecode.swift; path = FirstGoalView.swift; sourceTree = "<group>"; };
		867B824D27A4652F00271757 /* SecondGoalView.swift */ = {isa = PBXFileReference; fileEncoding = 4; lastKnownFileType = sourcecode.swift; path = SecondGoalView.swift; sourceTree = "<group>"; };
		F4DAA56C251AF69000BF8B5C /* SwiftUIMatchedGeometry.app */ = {isa = PBXFileReference; explicitFileType = wrapper.application; includeInIndex = 0; path = SwiftUIMatchedGeometry.app; sourceTree = BUILT_PRODUCTS_DIR; };
		F4DAA56F251AF69000BF8B5C /* SwiftUIMatchedGeometryApp.swift */ = {isa = PBXFileReference; lastKnownFileType = sourcecode.swift; path = SwiftUIMatchedGeometryApp.swift; sourceTree = "<group>"; };
		F4DAA571251AF69000BF8B5C /* ContentView.swift */ = {isa = PBXFileReference; lastKnownFileType = sourcecode.swift; path = ContentView.swift; sourceTree = "<group>"; };
		F4DAA573251AF69300BF8B5C /* Assets.xcassets */ = {isa = PBXFileReference; lastKnownFileType = folder.assetcatalog; path = Assets.xcassets; sourceTree = "<group>"; };
		F4DAA576251AF69300BF8B5C /* Preview Assets.xcassets */ = {isa = PBXFileReference; lastKnownFileType = folder.assetcatalog; path = "Preview Assets.xcassets"; sourceTree = "<group>"; };
		F4DAA578251AF69300BF8B5C /* Info.plist */ = {isa = PBXFileReference; lastKnownFileType = text.plist.xml; path = Info.plist; sourceTree = "<group>"; };
		F4DAA57F251B364000BF8B5C /* SimpleViewTransition.swift */ = {isa = PBXFileReference; lastKnownFileType = sourcecode.swift; path = SimpleViewTransition.swift; sourceTree = "<group>"; };
/* End PBXFileReference section */

/* Begin PBXFrameworksBuildPhase section */
		F4DAA569251AF69000BF8B5C /* Frameworks */ = {
			isa = PBXFrameworksBuildPhase;
			buildActionMask = 2147483647;
			files = (
			);
			runOnlyForDeploymentPostprocessing = 0;
		};
/* End PBXFrameworksBuildPhase section */

/* Begin PBXGroup section */
		867B824927A4651500271757 /* Model */ = {
			isa = PBXGroup;
			children = (
				867B824A27A4652700271757 /* Goal.swift */,
			);
			path = Model;
			sourceTree = "<group>";
		};
		F4DAA563251AF69000BF8B5C = {
			isa = PBXGroup;
			children = (
				F4DAA56E251AF69000BF8B5C /* SwiftUIMatchedGeometry */,
				F4DAA56D251AF69000BF8B5C /* Products */,
			);
			sourceTree = "<group>";
		};
		F4DAA56D251AF69000BF8B5C /* Products */ = {
			isa = PBXGroup;
			children = (
				F4DAA56C251AF69000BF8B5C /* SwiftUIMatchedGeometry.app */,
			);
			name = Products;
			sourceTree = "<group>";
		};
		F4DAA56E251AF69000BF8B5C /* SwiftUIMatchedGeometry */ = {
			isa = PBXGroup;
			children = (
				F4DAA56F251AF69000BF8B5C /* SwiftUIMatchedGeometryApp.swift */,
				F4DAA571251AF69000BF8B5C /* ContentView.swift */,
				867B824C27A4652F00271757 /* FirstGoalView.swift */,
				867B824D27A4652F00271757 /* SecondGoalView.swift */,
				867B824927A4651500271757 /* Model */,
				F4DAA573251AF69300BF8B5C /* Assets.xcassets */,
				F4DAA578251AF69300BF8B5C /* Info.plist */,
				F4DAA575251AF69300BF8B5C /* Preview Content */,
				F4DAA57F251B364000BF8B5C /* SimpleViewTransition.swift */,
			);
			path = SwiftUIMatchedGeometry;
			sourceTree = "<group>";
		};
		F4DAA575251AF69300BF8B5C /* Preview Content */ = {
			isa = PBXGroup;
			children = (
				F4DAA576251AF69300BF8B5C /* Preview Assets.xcassets */,
			);
			path = "Preview Content";
			sourceTree = "<group>";
		};
/* End PBXGroup section */

/* Begin PBXNativeTarget section */
		F4DAA56B251AF69000BF8B5C /* SwiftUIMatchedGeometry */ = {
			isa = PBXNativeTarget;
			buildConfigurationList = F4DAA57B251AF69300BF8B5C /* Build configuration list for PBXNativeTarget "SwiftUIMatchedGeometry" */;
			buildPhases = (
				F4DAA568251AF69000BF8B5C /* Sources */,
				F4DAA569251AF69000BF8B5C /* Frameworks */,
				F4DAA56A251AF69000BF8B5C /* Resources */,
			);
			buildRules = (
			);
			dependencies = (
			);
			name = SwiftUIMatchedGeometry;
			productName = SwiftUIMatchedGeometry;
			productReference = F4DAA56C251AF69000BF8B5C /* SwiftUIMatchedGeometry.app */;
			productType = "com.apple.product-type.application";
		};
/* End PBXNativeTarget section */

/* Begin PBXProject section */
		F4DAA564251AF69000BF8B5C /* Project object */ = {
			isa = PBXProject;
			attributes = {
				LastSwiftUpdateCheck = 1200;
				LastUpgradeCheck = 1200;
				TargetAttributes = {
					F4DAA56B251AF69000BF8B5C = {
						CreatedOnToolsVersion = 12.0;
					};
				};
			};
			buildConfigurationList = F4DAA567251AF69000BF8B5C /* Build configuration list for PBXProject "SwiftUIMatchedGeometry" */;
			compatibilityVersion = "Xcode 9.3";
			developmentRegion = en;
			hasScannedForEncodings = 0;
			knownRegions = (
				en,
				Base,
			);
			mainGroup = F4DAA563251AF69000BF8B5C;
			productRefGroup = F4DAA56D251AF69000BF8B5C /* Products */;
			projectDirPath = "";
			projectRoot = "";
			targets = (
				F4DAA56B251AF69000BF8B5C /* SwiftUIMatchedGeometry */,
			);
		};
/* End PBXProject section */

/* Begin PBXResourcesBuildPhase section */
		F4DAA56A251AF69000BF8B5C /* Resources */ = {
			isa = PBXResourcesBuildPhase;
			buildActionMask = 2147483647;
			files = (
				F4DAA577251AF69300BF8B5C /* Preview Assets.xcassets in Resources */,
				F4DAA574251AF69300BF8B5C /* Assets.xcassets in Resources */,
			);
			runOnlyForDeploymentPostprocessing = 0;
		};
/* End PBXResourcesBuildPhase section */

/* Begin PBXSourcesBuildPhase section */
		F4DAA568251AF69000BF8B5C /* Sources */ = {
			isa = PBXSourcesBuildPhase;
			buildActionMask = 2147483647;
			files = (
				867B824B27A4652700271757 /* Goal.swift in Sources */,
				867B824F27A4652F00271757 /* SecondGoalView.swift in Sources */,
				F4DAA580251B364000BF8B5C /* SimpleViewTransition.swift in Sources */,
				867B824E27A4652F00271757 /* FirstGoalView.swift in Sources */,
				F4DAA572251AF69000BF8B5C /* ContentView.swift in Sources */,
				F4DAA570251AF69000BF8B5C /* SwiftUIMatchedGeometryApp.swift in Sources */,
			);
			runOnlyForDeploymentPostprocessing = 0;
		};
/* End PBXSourcesBuildPhase section */

/* Begin XCBuildConfiguration section */
		F4DAA579251AF69300BF8B5C /* Debug */ = {
			isa = XCBuildConfiguration;
			buildSettings = {
				ALWAYS_SEARCH_USER_PATHS = NO;
				CLANG_ANALYZER_NONNULL = YES;
				CLANG_ANALYZER_NUMBER_OBJECT_CONVERSION = YES_AGGRESSIVE;
				CLANG_CXX_LANGUAGE_STANDARD = "gnu++14";
				CLANG_CXX_LIBRARY = "libc++";
				CLANG_ENABLE_MODULES = YES;
				CLANG_ENABLE_OBJC_ARC = YES;
				CLANG_ENABLE_OBJC_WEAK = YES;
				CLANG_WARN_BLOCK_CAPTURE_AUTORELEASING = YES;
				CLANG_WARN_BOOL_CONVERSION = YES;
				CLANG_WARN_COMMA = YES;
				CLANG_WARN_CONSTANT_CONVERSION = YES;
				CLANG_WARN_DEPRECATED_OBJC_IMPLEMENTATIONS = YES;
				CLANG_WARN_DIRECT_OBJC_ISA_USAGE = YES_ERROR;
				CLANG_WARN_DOCUMENTATION_COMMENTS = YES;
				CLANG_WARN_EMPTY_BODY = YES;
				CLANG_WARN_ENUM_CONVERSION = YES;
				CLANG_WARN_INFINITE_RECURSION = YES;
				CLANG_WARN_INT_CONVERSION = YES;
				CLANG_WARN_NON_LITERAL_NULL_CONVERSION = YES;
				CLANG_WARN_OBJC_IMPLICIT_RETAIN_SELF = YES;
				CLANG_WARN_OBJC_LITERAL_CONVERSION = YES;
				CLANG_WARN_OBJC_ROOT_CLASS = YES_ERROR;
				CLANG_WARN_QUOTED_INCLUDE_IN_FRAMEWORK_HEADER = YES;
				CLANG_WARN_RANGE_LOOP_ANALYSIS = YES;
				CLANG_WARN_STRICT_PROTOTYPES = YES;
				CLANG_WARN_SUSPICIOUS_MOVE = YES;
				CLANG_WARN_UNGUARDED_AVAILABILITY = YES_AGGRESSIVE;
				CLANG_WARN_UNREACHABLE_CODE = YES;
				CLANG_WARN__DUPLICATE_METHOD_MATCH = YES;
				COPY_PHASE_STRIP = NO;
				DEBUG_INFORMATION_FORMAT = dwarf;
				ENABLE_STRICT_OBJC_MSGSEND = YES;
				ENABLE_TESTABILITY = YES;
				GCC_C_LANGUAGE_STANDARD = gnu11;
				GCC_DYNAMIC_NO_PIC = NO;
				GCC_NO_COMMON_BLOCKS = YES;
				GCC_OPTIMIZATION_LEVEL = 0;
				GCC_PREPROCESSOR_DEFINITIONS = (
					"DEBUG=1",
					"$(inherited)",
				);
				GCC_WARN_64_TO_32_BIT_CONVERSION = YES;
				GCC_WARN_ABOUT_RETURN_TYPE = YES_ERROR;
				GCC_WARN_UNDECLARED_SELECTOR = YES;
				GCC_WARN_UNINITIALIZED_AUTOS = YES_AGGRESSIVE;
				GCC_WARN_UNUSED_FUNCTION = YES;
				GCC_WARN_UNUSED_VARIABLE = YES;
				IPHONEOS_DEPLOYMENT_TARGET = 14.0;
				MTL_ENABLE_DEBUG_INFO = INCLUDE_SOURCE;
				MTL_FAST_MATH = YES;
				ONLY_ACTIVE_ARCH = YES;
				SDKROOT = iphoneos;
				SWIFT_ACTIVE_COMPILATION_CONDITIONS = DEBUG;
				SWIFT_OPTIMIZATION_LEVEL = "-Onone";
			};
			name = Debug;
		};
		F4DAA57A251AF69300BF8B5C /* Release */ = {
			isa = XCBuildConfiguration;
			buildSettings = {
				ALWAYS_SEARCH_USER_PATHS = NO;
				CLANG_ANALYZER_NONNULL = YES;
				CLANG_ANALYZER_NUMBER_OBJECT_CONVERSION = YES_AGGRESSIVE;
				CLANG_CXX_LANGUAGE_STANDARD = "gnu++14";
				CLANG_CXX_LIBRARY = "libc++";
				CLANG_ENABLE_MODULES = YES;
				CLANG_ENABLE_OBJC_ARC = YES;
				CLANG_ENABLE_OBJC_WEAK = YES;
				CLANG_WARN_BLOCK_CAPTURE_AUTORELEASING = YES;
				CLANG_WARN_BOOL_CONVERSION = YES;
				CLANG_WARN_COMMA = YES;
				CLANG_WARN_CONSTANT_CONVERSION = YES;
				CLANG_WARN_DEPRECATED_OBJC_IMPLEMENTATIONS = YES;
				CLANG_WARN_DIRECT_OBJC_ISA_USAGE = YES_ERROR;
				CLANG_WARN_DOCUMENTATION_COMMENTS = YES;
				CLANG_WARN_EMPTY_BODY = YES;
				CLANG_WARN_ENUM_CONVERSION = YES;
				CLANG_WARN_INFINITE_RECURSION = YES;
				CLANG_WARN_INT_CONVERSION = YES;
				CLANG_WARN_NON_LITERAL_NULL_CONVERSION = YES;
				CLANG_WARN_OBJC_IMPLICIT_RETAIN_SELF = YES;
				CLANG_WARN_OBJC_LITERAL_CONVERSION = YES;
				CLANG_WARN_OBJC_ROOT_CLASS = YES_ERROR;
				CLANG_WARN_QUOTED_INCLUDE_IN_FRAMEWORK_HEADER = YES;
				CLANG_WARN_RANGE_LOOP_ANALYSIS = YES;
				CLANG_WARN_STRICT_PROTOTYPES = YES;
				CLANG_WARN_SUSPICIOUS_MOVE = YES;
				CLANG_WARN_UNGUARDED_AVAILABILITY = YES_AGGRESSIVE;
				CLANG_WARN_UNREACHABLE_CODE = YES;
				CLANG_WARN__DUPLICATE_METHOD_MATCH = YES;
				COPY_PHASE_STRIP = NO;
				DEBUG_INFORMATION_FORMAT = "dwarf-with-dsym";
				ENABLE_NS_ASSERTIONS = NO;
				ENABLE_STRICT_OBJC_MSGSEND = YES;
				GCC_C_LANGUAGE_STANDARD = gnu11;
				GCC_NO_COMMON_BLOCKS = YES;
				GCC_WARN_64_TO_32_BIT_CONVERSION = YES;
				GCC_WARN_ABOUT_RETURN_TYPE = YES_ERROR;
				GCC_WARN_UNDECLARED_SELECTOR = YES;
				GCC_WARN_UNINITIALIZED_AUTOS = YES_AGGRESSIVE;
				GCC_WARN_UNUSED_FUNCTION = YES;
				GCC_WARN_UNUSED_VARIABLE = YES;
				IPHONEOS_DEPLOYMENT_TARGET = 14.0;
				MTL_ENABLE_DEBUG_INFO = NO;
				MTL_FAST_MATH = YES;
				SDKROOT = iphoneos;
				SWIFT_COMPILATION_MODE = wholemodule;
				SWIFT_OPTIMIZATION_LEVEL = "-O";
				VALIDATE_PRODUCT = YES;
			};
			name = Release;
		};
		F4DAA57C251AF69300BF8B5C /* Debug */ = {
			isa = XCBuildConfiguration;
			buildSettings = {
				ASSETCATALOG_COMPILER_APPICON_NAME = AppIcon;
				ASSETCATALOG_COMPILER_GLOBAL_ACCENT_COLOR_NAME = AccentColor;
				CODE_SIGN_STYLE = Automatic;
				DEVELOPMENT_ASSET_PATHS = "\"SwiftUIMatchedGeometry/Preview Content\"";
				DEVELOPMENT_TEAM = 39X44DH4RN;
				ENABLE_PREVIEWS = YES;
				INFOPLIST_FILE = SwiftUIMatchedGeometry/Info.plist;
				IPHONEOS_DEPLOYMENT_TARGET = 14.0;
				LD_RUNPATH_SEARCH_PATHS = (
					"$(inherited)",
					"@executable_path/Frameworks",
				);
				PRODUCT_BUNDLE_IDENTIFIER = com.appcoda.SwiftUIMatchedGeometry;
				PRODUCT_NAME = "$(TARGET_NAME)";
				SWIFT_VERSION = 5.0;
				TARGETED_DEVICE_FAMILY = "1,2";
			};
			name = Debug;
		};
		F4DAA57D251AF69300BF8B5C /* Release */ = {
			isa = XCBuildConfiguration;
			buildSettings = {
				ASSETCATALOG_COMPILER_APPICON_NAME = AppIcon;
				ASSETCATALOG_COMPILER_GLOBAL_ACCENT_COLOR_NAME = AccentColor;
				CODE_SIGN_STYLE = Automatic;
				DEVELOPMENT_ASSET_PATHS = "\"SwiftUIMatchedGeometry/Preview Content\"";
				DEVELOPMENT_TEAM = 39X44DH4RN;
				ENABLE_PREVIEWS = YES;
				INFOPLIST_FILE = SwiftUIMatchedGeometry/Info.plist;
				IPHONEOS_DEPLOYMENT_TARGET = 14.0;
				LD_RUNPATH_SEARCH_PATHS = (
					"$(inherited)",
					"@executable_path/Frameworks",
				);
				PRODUCT_BUNDLE_IDENTIFIER = com.appcoda.SwiftUIMatchedGeometry;
				PRODUCT_NAME = "$(TARGET_NAME)";
				SWIFT_VERSION = 5.0;
				TARGETED_DEVICE_FAMILY = "1,2";
			};
			name = Release;
		};
/* End XCBuildConfiguration section */

/* Begin XCConfigurationList section */
		F4DAA567251AF69000BF8B5C /* Build configuration list for PBXProject "SwiftUIMatchedGeometry" */ = {
			isa = XCConfigurationList;
			buildConfigurations = (
				F4DAA579251AF69300BF8B5C /* Debug */,
				F4DAA57A251AF69300BF8B5C /* Release */,
			);
			defaultConfigurationIsVisible = 0;
			defaultConfigurationName = Release;
		};
		F4DAA57B251AF69300BF8B5C /* Build configuration list for PBXNativeTarget "SwiftUIMatchedGeometry" */ = {
			isa = XCConfigurationList;
			buildConfigurations = (
				F4DAA57C251AF69300BF8B5C /* Debug */,
				F4DAA57D251AF69300BF8B5C /* Release */,
			);
			defaultConfigurationIsVisible = 0;
			defaultConfigurationName = Release;
		};
/* End XCConfigurationList section */
	};
	rootObject = F4DAA564251AF69000BF8B5C /* Project object */;
}
