// !$*UTF8*$!
{
	archiveVersion = 1;
	classes = {
	};
	objectVersion = 50;
	objects = {

/* Begin PBXBuildFile section */
		86A53B8E269EA748008700CE /* AppDelegate.swift in Sources */ = {isa = PBXBuildFile; fileRef = 86A53B8D269EA748008700CE /* AppDelegate.swift */; };
		86A53B90269EA748008700CE /* SceneDelegate.swift in Sources */ = {isa = PBXBuildFile; fileRef = 86A53B8F269EA748008700CE /* SceneDelegate.swift */; };
		86A53B92269EA748008700CE /* ContentView.swift in Sources */ = {isa = PBXBuildFile; fileRef = 86A53B91269EA748008700CE /* ContentView.swift */; };
		86A53B94269EA74E008700CE /* Assets.xcassets in Resources */ = {isa = PBXBuildFile; fileRef = 86A53B93269EA74E008700CE /* Assets.xcassets */; };
		86A53B97269EA74E008700CE /* Preview Assets.xcassets in Resources */ = {isa = PBXBuildFile; fileRef = 86A53B96269EA74E008700CE /* Preview Assets.xcassets */; };
		86A53B9A269EA74E008700CE /* LaunchScreen.storyboard in Resources */ = {isa = PBXBuildFile; fileRef = 86A53B98269EA74E008700CE /* LaunchScreen.storyboard */; };
		86A53BA5269EA74E008700CE /* ChaiTests.swift in Sources */ = {isa = PBXBuildFile; fileRef = 86A53BA4269EA74E008700CE /* ChaiTests.swift */; };
		86A53BB0269EA74E008700CE /* ChaiUITests.swift in Sources */ = {isa = PBXBuildFile; fileRef = 86A53BAF269EA74E008700CE /* ChaiUITests.swift */; };
/* End PBXBuildFile section */

/* Begin PBXContainerItemProxy section */
		86A53BA1269EA74E008700CE /* PBXContainerItemProxy */ = {
			isa = PBXContainerItemProxy;
			containerPortal = 86A53B82269EA748008700CE /* Project object */;
			proxyType = 1;
			remoteGlobalIDString = 86A53B89269EA748008700CE;
			remoteInfo = Chai;
		};
		86A53BAC269EA74E008700CE /* PBXContainerItemProxy */ = {
			isa = PBXContainerItemProxy;
			containerPortal = 86A53B82269EA748008700CE /* Project object */;
			proxyType = 1;
			remoteGlobalIDString = 86A53B89269EA748008700CE;
			remoteInfo = Chai;
		};
/* End PBXContainerItemProxy section */

/* Begin PBXFileReference section */
		86A53B8A269EA748008700CE /* Chai.app */ = {isa = PBXFileReference; explicitFileType = wrapper.application; includeInIndex = 0; path = Chai.app; sourceTree = BUILT_PRODUCTS_DIR; };
		86A53B8D269EA748008700CE /* AppDelegate.swift */ = {isa = PBXFileReference; lastKnownFileType = sourcecode.swift; path = AppDelegate.swift; sourceTree = "<group>"; };
		86A53B8F269EA748008700CE /* SceneDelegate.swift */ = {isa = PBXFileReference; lastKnownFileType = sourcecode.swift; path = SceneDelegate.swift; sourceTree = "<group>"; };
		86A53B91269EA748008700CE /* ContentView.swift */ = {isa = PBXFileReference; lastKnownFileType = sourcecode.swift; path = ContentView.swift; sourceTree = "<group>"; };
		86A53B93269EA74E008700CE /* Assets.xcassets */ = {isa = PBXFileReference; lastKnownFileType = folder.assetcatalog; path = Assets.xcassets; sourceTree = "<group>"; };
		86A53B96269EA74E008700CE /* Preview Assets.xcassets */ = {isa = PBXFileReference; lastKnownFileType = folder.assetcatalog; path = "Preview Assets.xcassets"; sourceTree = "<group>"; };
		86A53B99269EA74E008700CE /* Base */ = {isa = PBXFileReference; lastKnownFileType = file.storyboard; name = Base; path = Base.lproj/LaunchScreen.storyboard; sourceTree = "<group>"; };
		86A53B9B269EA74E008700CE /* Info.plist */ = {isa = PBXFileReference; lastKnownFileType = text.plist.xml; path = Info.plist; sourceTree = "<group>"; };
		86A53BA0269EA74E008700CE /* ChaiTests.xctest */ = {isa = PBXFileReference; explicitFileType = wrapper.cfbundle; includeInIndex = 0; path = ChaiTests.xctest; sourceTree = BUILT_PRODUCTS_DIR; };
		86A53BA4269EA74E008700CE /* ChaiTests.swift */ = {isa = PBXFileReference; lastKnownFileType = sourcecode.swift; path = ChaiTests.swift; sourceTree = "<group>"; };
		86A53BA6269EA74E008700CE /* Info.plist */ = {isa = PBXFileReference; lastKnownFileType = text.plist.xml; path = Info.plist; sourceTree = "<group>"; };
		86A53BAB269EA74E008700CE /* ChaiUITests.xctest */ = {isa = PBXFileReference; explicitFileType = wrapper.cfbundle; includeInIndex = 0; path = ChaiUITests.xctest; sourceTree = BUILT_PRODUCTS_DIR; };
		86A53BAF269EA74E008700CE /* ChaiUITests.swift */ = {isa = PBXFileReference; lastKnownFileType = sourcecode.swift; path = ChaiUITests.swift; sourceTree = "<group>"; };
		86A53BB1269EA74E008700CE /* Info.plist */ = {isa = PBXFileReference; lastKnownFileType = text.plist.xml; path = Info.plist; sourceTree = "<group>"; };
/* End PBXFileReference section */

/* Begin PBXFrameworksBuildPhase section */
		86A53B87269EA748008700CE /* Frameworks */ = {
			isa = PBXFrameworksBuildPhase;
			buildActionMask = 2147483647;
			files = (
			);
			runOnlyForDeploymentPostprocessing = 0;
		};
		86A53B9D269EA74E008700CE /* Frameworks */ = {
			isa = PBXFrameworksBuildPhase;
			buildActionMask = 2147483647;
			files = (
			);
			runOnlyForDeploymentPostprocessing = 0;
		};
		86A53BA8269EA74E008700CE /* Frameworks */ = {
			isa = PBXFrameworksBuildPhase;
			buildActionMask = 2147483647;
			files = (
			);
			runOnlyForDeploymentPostprocessing = 0;
		};
/* End PBXFrameworksBuildPhase section */

/* Begin PBXGroup section */
		86A53B81269EA748008700CE = {
			isa = PBXGroup;
			children = (
				86A53B8C269EA748008700CE /* Chai */,
				86A53BA3269EA74E008700CE /* ChaiTests */,
				86A53BAE269EA74E008700CE /* ChaiUITests */,
				86A53B8B269EA748008700CE /* Products */,
			);
			sourceTree = "<group>";
		};
		86A53B8B269EA748008700CE /* Products */ = {
			isa = PBXGroup;
			children = (
				86A53B8A269EA748008700CE /* Chai.app */,
				86A53BA0269EA74E008700CE /* ChaiTests.xctest */,
				86A53BAB269EA74E008700CE /* ChaiUITests.xctest */,
			);
			name = Products;
			sourceTree = "<group>";
		};
		86A53B8C269EA748008700CE /* Chai */ = {
			isa = PBXGroup;
			children = (
				86A53BC0269EA76B008700CE /* System */,
				86A53BC1269EA777008700CE /* Views */,
				86A53BC3269EA787008700CE /* Resources */,
			);
			path = Chai;
			sourceTree = "<group>";
		};
		86A53B95269EA74E008700CE /* Preview Content */ = {
			isa = PBXGroup;
			children = (
				86A53B96269EA74E008700CE /* Preview Assets.xcassets */,
			);
			path = "Preview Content";
			sourceTree = "<group>";
		};
		86A53BA3269EA74E008700CE /* ChaiTests */ = {
			isa = PBXGroup;
			children = (
				86A53BA4269EA74E008700CE /* ChaiTests.swift */,
				86A53BA6269EA74E008700CE /* Info.plist */,
			);
			path = ChaiTests;
			sourceTree = "<group>";
		};
		86A53BAE269EA74E008700CE /* ChaiUITests */ = {
			isa = PBXGroup;
			children = (
				86A53BAF269EA74E008700CE /* ChaiUITests.swift */,
				86A53BB1269EA74E008700CE /* Info.plist */,
			);
			path = ChaiUITests;
			sourceTree = "<group>";
		};
		86A53BC0269EA76B008700CE /* System */ = {
			isa = PBXGroup;
			children = (
				86A53B8D269EA748008700CE /* AppDelegate.swift */,
				86A53B8F269EA748008700CE /* SceneDelegate.swift */,
			);
			path = System;
			sourceTree = "<group>";
		};
		86A53BC1269EA777008700CE /* Views */ = {
			isa = PBXGroup;
			children = (
				86A53B91269EA748008700CE /* ContentView.swift */,
			);
			path = Views;
			sourceTree = "<group>";
		};
		86A53BC3269EA787008700CE /* Resources */ = {
			isa = PBXGroup;
			children = (
				86A53B93269EA74E008700CE /* Assets.xcassets */,
				86A53B98269EA74E008700CE /* LaunchScreen.storyboard */,
				86A53B9B269EA74E008700CE /* Info.plist */,
				86A53B95269EA74E008700CE /* Preview Content */,
			);
			path = Resources;
			sourceTree = "<group>";
		};
/* End PBXGroup section */

/* Begin PBXNativeTarget section */
		86A53B89269EA748008700CE /* Chai */ = {
			isa = PBXNativeTarget;
			buildConfigurationList = 86A53BB4269EA74E008700CE /* Build configuration list for PBXNativeTarget "Chai" */;
			buildPhases = (
				86A53B86269EA748008700CE /* Sources */,
				86A53B87269EA748008700CE /* Frameworks */,
				86A53B88269EA748008700CE /* Resources */,
			);
			buildRules = (
			);
			dependencies = (
			);
			name = Chai;
			productName = Chai;
			productReference = 86A53B8A269EA748008700CE /* Chai.app */;
			productType = "com.apple.product-type.application";
		};
		86A53B9F269EA74E008700CE /* ChaiTests */ = {
			isa = PBXNativeTarget;
			buildConfigurationList = 86A53BB7269EA74E008700CE /* Build configuration list for PBXNativeTarget "ChaiTests" */;
			buildPhases = (
				86A53B9C269EA74E008700CE /* Sources */,
				86A53B9D269EA74E008700CE /* Frameworks */,
				86A53B9E269EA74E008700CE /* Resources */,
			);
			buildRules = (
			);
			dependencies = (
				86A53BA2269EA74E008700CE /* PBXTargetDependency */,
			);
			name = ChaiTests;
			productName = ChaiTests;
			productReference = 86A53BA0269EA74E008700CE /* ChaiTests.xctest */;
			productType = "com.apple.product-type.bundle.unit-test";
		};
		86A53BAA269EA74E008700CE /* ChaiUITests */ = {
			isa = PBXNativeTarget;
			buildConfigurationList = 86A53BBA269EA74E008700CE /* Build configuration list for PBXNativeTarget "ChaiUITests" */;
			buildPhases = (
				86A53BA7269EA74E008700CE /* Sources */,
				86A53BA8269EA74E008700CE /* Frameworks */,
				86A53BA9269EA74E008700CE /* Resources */,
			);
			buildRules = (
			);
			dependencies = (
				86A53BAD269EA74E008700CE /* PBXTargetDependency */,
			);
			name = ChaiUITests;
			productName = ChaiUITests;
			productReference = 86A53BAB269EA74E008700CE /* ChaiUITests.xctest */;
			productType = "com.apple.product-type.bundle.ui-testing";
		};
/* End PBXNativeTarget section */

/* Begin PBXProject section */
		86A53B82269EA748008700CE /* Project object */ = {
			isa = PBXProject;
			attributes = {
				LastSwiftUpdateCheck = 1240;
				LastUpgradeCheck = 1240;
				TargetAttributes = {
					86A53B89269EA748008700CE = {
						CreatedOnToolsVersion = 12.4;
					};
					86A53B9F269EA74E008700CE = {
						CreatedOnToolsVersion = 12.4;
						TestTargetID = 86A53B89269EA748008700CE;
					};
					86A53BAA269EA74E008700CE = {
						CreatedOnToolsVersion = 12.4;
						TestTargetID = 86A53B89269EA748008700CE;
					};
				};
			};
			buildConfigurationList = 86A53B85269EA748008700CE /* Build configuration list for PBXProject "Chai" */;
			compatibilityVersion = "Xcode 9.3";
			developmentRegion = en;
			hasScannedForEncodings = 0;
			knownRegions = (
				en,
				Base,
			);
			mainGroup = 86A53B81269EA748008700CE;
			productRefGroup = 86A53B8B269EA748008700CE /* Products */;
			projectDirPath = "";
			projectRoot = "";
			targets = (
				86A53B89269EA748008700CE /* Chai */,
				86A53B9F269EA74E008700CE /* ChaiTests */,
				86A53BAA269EA74E008700CE /* ChaiUITests */,
			);
		};
/* End PBXProject section */

/* Begin PBXResourcesBuildPhase section */
		86A53B88269EA748008700CE /* Resources */ = {
			isa = PBXResourcesBuildPhase;
			buildActionMask = 2147483647;
			files = (
				86A53B9A269EA74E008700CE /* LaunchScreen.storyboard in Resources */,
				86A53B97269EA74E008700CE /* Preview Assets.xcassets in Resources */,
				86A53B94269EA74E008700CE /* Assets.xcassets in Resources */,
			);
			runOnlyForDeploymentPostprocessing = 0;
		};
		86A53B9E269EA74E008700CE /* Resources */ = {
			isa = PBXResourcesBuildPhase;
			buildActionMask = 2147483647;
			files = (
			);
			runOnlyForDeploymentPostprocessing = 0;
		};
		86A53BA9269EA74E008700CE /* Resources */ = {
			isa = PBXResourcesBuildPhase;
			buildActionMask = 2147483647;
			files = (
			);
			runOnlyForDeploymentPostprocessing = 0;
		};
/* End PBXResourcesBuildPhase section */

/* Begin PBXSourcesBuildPhase section */
		86A53B86269EA748008700CE /* Sources */ = {
			isa = PBXSourcesBuildPhase;
			buildActionMask = 2147483647;
			files = (
				86A53B8E269EA748008700CE /* AppDelegate.swift in Sources */,
				86A53B90269EA748008700CE /* SceneDelegate.swift in Sources */,
				86A53B92269EA748008700CE /* ContentView.swift in Sources */,
			);
			runOnlyForDeploymentPostprocessing = 0;
		};
		86A53B9C269EA74E008700CE /* Sources */ = {
			isa = PBXSourcesBuildPhase;
			buildActionMask = 2147483647;
			files = (
				86A53BA5269EA74E008700CE /* ChaiTests.swift in Sources */,
			);
			runOnlyForDeploymentPostprocessing = 0;
		};
		86A53BA7269EA74E008700CE /* Sources */ = {
			isa = PBXSourcesBuildPhase;
			buildActionMask = 2147483647;
			files = (
				86A53BB0269EA74E008700CE /* ChaiUITests.swift in Sources */,
			);
			runOnlyForDeploymentPostprocessing = 0;
		};
/* End PBXSourcesBuildPhase section */

/* Begin PBXTargetDependency section */
		86A53BA2269EA74E008700CE /* PBXTargetDependency */ = {
			isa = PBXTargetDependency;
			target = 86A53B89269EA748008700CE /* Chai */;
			targetProxy = 86A53BA1269EA74E008700CE /* PBXContainerItemProxy */;
		};
		86A53BAD269EA74E008700CE /* PBXTargetDependency */ = {
			isa = PBXTargetDependency;
			target = 86A53B89269EA748008700CE /* Chai */;
			targetProxy = 86A53BAC269EA74E008700CE /* PBXContainerItemProxy */;
		};
/* End PBXTargetDependency section */

/* Begin PBXVariantGroup section */
		86A53B98269EA74E008700CE /* LaunchScreen.storyboard */ = {
			isa = PBXVariantGroup;
			children = (
				86A53B99269EA74E008700CE /* Base */,
			);
			name = LaunchScreen.storyboard;
			sourceTree = "<group>";
		};
/* End PBXVariantGroup section */

/* Begin XCBuildConfiguration section */
		86A53BB2269EA74E008700CE /* Debug */ = {
			isa = XCBuildConfiguration;
			buildSettings = {
				ALWAYS_SEARCH_USER_PATHS = NO;
				CLANG_ANALYZER_NONNULL = YES;
				CLANG_ANALYZER_NUMBER_OBJECT_CONVERSION = YES_AGGRESSIVE;
				CLANG_CXX_LANGUAGE_STANDARD = "gnu++14";
				CLANG_CXX_LIBRARY = "libc++";
				CLANG_ENABLE_MODULES = YES;
				CLANG_ENABLE_OBJC_ARC = YES;
				CLANG_ENABLE_OBJC_WEAK = YES;
				CLANG_WARN_BLOCK_CAPTURE_AUTORELEASING = YES;
				CLANG_WARN_BOOL_CONVERSION = YES;
				CLANG_WARN_COMMA = YES;
				CLANG_WARN_CONSTANT_CONVERSION = YES;
				CLANG_WARN_DEPRECATED_OBJC_IMPLEMENTATIONS = YES;
				CLANG_WARN_DIRECT_OBJC_ISA_USAGE = YES_ERROR;
				CLANG_WARN_DOCUMENTATION_COMMENTS = YES;
				CLANG_WARN_EMPTY_BODY = YES;
				CLANG_WARN_ENUM_CONVERSION = YES;
				CLANG_WARN_INFINITE_RECURSION = YES;
				CLANG_WARN_INT_CONVERSION = YES;
				CLANG_WARN_NON_LITERAL_NULL_CONVERSION = YES;
				CLANG_WARN_OBJC_IMPLICIT_RETAIN_SELF = YES;
				CLANG_WARN_OBJC_LITERAL_CONVERSION = YES;
				CLANG_WARN_OBJC_ROOT_CLASS = YES_ERROR;
				CLANG_WARN_QUOTED_INCLUDE_IN_FRAMEWORK_HEADER = YES;
				CLANG_WARN_RANGE_LOOP_ANALYSIS = YES;
				CLANG_WARN_STRICT_PROTOTYPES = YES;
				CLANG_WARN_SUSPICIOUS_MOVE = YES;
				CLANG_WARN_UNGUARDED_AVAILABILITY = YES_AGGRESSIVE;
				CLANG_WARN_UNREACHABLE_CODE = YES;
				CLANG_WARN__DUPLICATE_METHOD_MATCH = YES;
				COPY_PHASE_STRIP = NO;
				DEBUG_INFORMATION_FORMAT = dwarf;
				ENABLE_STRICT_OBJC_MSGSEND = YES;
				ENABLE_TESTABILITY = YES;
				GCC_C_LANGUAGE_STANDARD = gnu11;
				GCC_DYNAMIC_NO_PIC = NO;
				GCC_NO_COMMON_BLOCKS = YES;
				GCC_OPTIMIZATION_LEVEL = 0;
				GCC_PREPROCESSOR_DEFINITIONS = (
					"DEBUG=1",
					"$(inherited)",
				);
				GCC_WARN_64_TO_32_BIT_CONVERSION = YES;
				GCC_WARN_ABOUT_RETURN_TYPE = YES_ERROR;
				GCC_WARN_UNDECLARED_SELECTOR = YES;
				GCC_WARN_UNINITIALIZED_AUTOS = YES_AGGRESSIVE;
				GCC_WARN_UNUSED_FUNCTION = YES;
				GCC_WARN_UNUSED_VARIABLE = YES;
				IPHONEOS_DEPLOYMENT_TARGET = 14.4;
				MTL_ENABLE_DEBUG_INFO = INCLUDE_SOURCE;
				MTL_FAST_MATH = YES;
				ONLY_ACTIVE_ARCH = YES;
				SDKROOT = iphoneos;
				SWIFT_ACTIVE_COMPILATION_CONDITIONS = DEBUG;
				SWIFT_OPTIMIZATION_LEVEL = "-Onone";
			};
			name = Debug;
		};
		86A53BB3269EA74E008700CE /* Release */ = {
			isa = XCBuildConfiguration;
			buildSettings = {
				ALWAYS_SEARCH_USER_PATHS = NO;
				CLANG_ANALYZER_NONNULL = YES;
				CLANG_ANALYZER_NUMBER_OBJECT_CONVERSION = YES_AGGRESSIVE;
				CLANG_CXX_LANGUAGE_STANDARD = "gnu++14";
				CLANG_CXX_LIBRARY = "libc++";
				CLANG_ENABLE_MODULES = YES;
				CLANG_ENABLE_OBJC_ARC = YES;
				CLANG_ENABLE_OBJC_WEAK = YES;
				CLANG_WARN_BLOCK_CAPTURE_AUTORELEASING = YES;
				CLANG_WARN_BOOL_CONVERSION = YES;
				CLANG_WARN_COMMA = YES;
				CLANG_WARN_CONSTANT_CONVERSION = YES;
				CLANG_WARN_DEPRECATED_OBJC_IMPLEMENTATIONS = YES;
				CLANG_WARN_DIRECT_OBJC_ISA_USAGE = YES_ERROR;
				CLANG_WARN_DOCUMENTATION_COMMENTS = YES;
				CLANG_WARN_EMPTY_BODY = YES;
				CLANG_WARN_ENUM_CONVERSION = YES;
				CLANG_WARN_INFINITE_RECURSION = YES;
				CLANG_WARN_INT_CONVERSION = YES;
				CLANG_WARN_NON_LITERAL_NULL_CONVERSION = YES;
				CLANG_WARN_OBJC_IMPLICIT_RETAIN_SELF = YES;
				CLANG_WARN_OBJC_LITERAL_CONVERSION = YES;
				CLANG_WARN_OBJC_ROOT_CLASS = YES_ERROR;
				CLANG_WARN_QUOTED_INCLUDE_IN_FRAMEWORK_HEADER = YES;
				CLANG_WARN_RANGE_LOOP_ANALYSIS = YES;
				CLANG_WARN_STRICT_PROTOTYPES = YES;
				CLANG_WARN_SUSPICIOUS_MOVE = YES;
				CLANG_WARN_UNGUARDED_AVAILABILITY = YES_AGGRESSIVE;
				CLANG_WARN_UNREACHABLE_CODE = YES;
				CLANG_WARN__DUPLICATE_METHOD_MATCH = YES;
				COPY_PHASE_STRIP = NO;
				DEBUG_INFORMATION_FORMAT = "dwarf-with-dsym";
				ENABLE_NS_ASSERTIONS = NO;
				ENABLE_STRICT_OBJC_MSGSEND = YES;
				GCC_C_LANGUAGE_STANDARD = gnu11;
				GCC_NO_COMMON_BLOCKS = YES;
				GCC_WARN_64_TO_32_BIT_CONVERSION = YES;
				GCC_WARN_ABOUT_RETURN_TYPE = YES_ERROR;
				GCC_WARN_UNDECLARED_SELECTOR = YES;
				GCC_WARN_UNINITIALIZED_AUTOS = YES_AGGRESSIVE;
				GCC_WARN_UNUSED_FUNCTION = YES;
				GCC_WARN_UNUSED_VARIABLE = YES;
				IPHONEOS_DEPLOYMENT_TARGET = 14.4;
				MTL_ENABLE_DEBUG_INFO = NO;
				MTL_FAST_MATH = YES;
				SDKROOT = iphoneos;
				SWIFT_COMPILATION_MODE = wholemodule;
				SWIFT_OPTIMIZATION_LEVEL = "-O";
				VALIDATE_PRODUCT = YES;
			};
			name = Release;
		};
		86A53BB5269EA74E008700CE /* Debug */ = {
			isa = XCBuildConfiguration;
			buildSettings = {
				ASSETCATALOG_COMPILER_APPICON_NAME = AppIcon;
				ASSETCATALOG_COMPILER_GLOBAL_ACCENT_COLOR_NAME = AccentColor;
				CODE_SIGN_STYLE = Automatic;
				DEVELOPMENT_ASSET_PATHS = "\"Chai/Resources/Preview Content\"";
				DEVELOPMENT_TEAM = 39X44DH4RN;
				ENABLE_PREVIEWS = YES;
				INFOPLIST_FILE = Chai/Resources/Info.plist;
				LD_RUNPATH_SEARCH_PATHS = (
					"$(inherited)",
					"@executable_path/Frameworks",
				);
				PRODUCT_BUNDLE_IDENTIFIER = com.toby.Chai;
				PRODUCT_NAME = "$(TARGET_NAME)";
				SWIFT_VERSION = 5.0;
				TARGETED_DEVICE_FAMILY = "1,2";
			};
			name = Debug;
		};
		86A53BB6269EA74E008700CE /* Release */ = {
			isa = XCBuildConfiguration;
			buildSettings = {
				ASSETCATALOG_COMPILER_APPICON_NAME = AppIcon;
				ASSETCATALOG_COMPILER_GLOBAL_ACCENT_COLOR_NAME = AccentColor;
				CODE_SIGN_STYLE = Automatic;
				DEVELOPMENT_ASSET_PATHS = "\"Chai/Resources/Preview Content\"";
				DEVELOPMENT_TEAM = 39X44DH4RN;
				ENABLE_PREVIEWS = YES;
				INFOPLIST_FILE = Chai/Resources/Info.plist;
				LD_RUNPATH_SEARCH_PATHS = (
					"$(inherited)",
					"@executable_path/Frameworks",
				);
				PRODUCT_BUNDLE_IDENTIFIER = com.toby.Chai;
				PRODUCT_NAME = "$(TARGET_NAME)";
				SWIFT_VERSION = 5.0;
				TARGETED_DEVICE_FAMILY = "1,2";
			};
			name = Release;
		};
		86A53BB8269EA74E008700CE /* Debug */ = {
			isa = XCBuildConfiguration;
			buildSettings = {
				ALWAYS_EMBED_SWIFT_STANDARD_LIBRARIES = YES;
				BUNDLE_LOADER = "$(TEST_HOST)";
				CODE_SIGN_STYLE = Automatic;
				DEVELOPMENT_TEAM = 39X44DH4RN;
				INFOPLIST_FILE = ChaiTests/Info.plist;
				IPHONEOS_DEPLOYMENT_TARGET = 14.4;
				LD_RUNPATH_SEARCH_PATHS = (
					"$(inherited)",
					"@executable_path/Frameworks",
					"@loader_path/Frameworks",
				);
				PRODUCT_BUNDLE_IDENTIFIER = com.toby.ChaiTests;
				PRODUCT_NAME = "$(TARGET_NAME)";
				SWIFT_VERSION = 5.0;
				TARGETED_DEVICE_FAMILY = "1,2";
				TEST_HOST = "$(BUILT_PRODUCTS_DIR)/Chai.app/Chai";
			};
			name = Debug;
		};
		86A53BB9269EA74E008700CE /* Release */ = {
			isa = XCBuildConfiguration;
			buildSettings = {
				ALWAYS_EMBED_SWIFT_STANDARD_LIBRARIES = YES;
				BUNDLE_LOADER = "$(TEST_HOST)";
				CODE_SIGN_STYLE = Automatic;
				DEVELOPMENT_TEAM = 39X44DH4RN;
				INFOPLIST_FILE = ChaiTests/Info.plist;
				IPHONEOS_DEPLOYMENT_TARGET = 14.4;
				LD_RUNPATH_SEARCH_PATHS = (
					"$(inherited)",
					"@executable_path/Frameworks",
					"@loader_path/Frameworks",
				);
				PRODUCT_BUNDLE_IDENTIFIER = com.toby.ChaiTests;
				PRODUCT_NAME = "$(TARGET_NAME)";
				SWIFT_VERSION = 5.0;
				TARGETED_DEVICE_FAMILY = "1,2";
				TEST_HOST = "$(BUILT_PRODUCTS_DIR)/Chai.app/Chai";
			};
			name = Release;
		};
		86A53BBB269EA74E008700CE /* Debug */ = {
			isa = XCBuildConfiguration;
			buildSettings = {
				ALWAYS_EMBED_SWIFT_STANDARD_LIBRARIES = YES;
				CODE_SIGN_STYLE = Automatic;
				DEVELOPMENT_TEAM = 39X44DH4RN;
				INFOPLIST_FILE = ChaiUITests/Info.plist;
				LD_RUNPATH_SEARCH_PATHS = (
					"$(inherited)",
					"@executable_path/Frameworks",
					"@loader_path/Frameworks",
				);
				PRODUCT_BUNDLE_IDENTIFIER = com.toby.ChaiUITests;
				PRODUCT_NAME = "$(TARGET_NAME)";
				SWIFT_VERSION = 5.0;
				TARGETED_DEVICE_FAMILY = "1,2";
				TEST_TARGET_NAME = Chai;
			};
			name = Debug;
		};
		86A53BBC269EA74E008700CE /* Release */ = {
			isa = XCBuildConfiguration;
			buildSettings = {
				ALWAYS_EMBED_SWIFT_STANDARD_LIBRARIES = YES;
				CODE_SIGN_STYLE = Automatic;
				DEVELOPMENT_TEAM = 39X44DH4RN;
				INFOPLIST_FILE = ChaiUITests/Info.plist;
				LD_RUNPATH_SEARCH_PATHS = (
					"$(inherited)",
					"@executable_path/Frameworks",
					"@loader_path/Frameworks",
				);
				PRODUCT_BUNDLE_IDENTIFIER = com.toby.ChaiUITests;
				PRODUCT_NAME = "$(TARGET_NAME)";
				SWIFT_VERSION = 5.0;
				TARGETED_DEVICE_FAMILY = "1,2";
				TEST_TARGET_NAME = Chai;
			};
			name = Release;
		};
/* End XCBuildConfiguration section */

/* Begin XCConfigurationList section */
		86A53B85269EA748008700CE /* Build configuration list for PBXProject "Chai" */ = {
			isa = XCConfigurationList;
			buildConfigurations = (
				86A53BB2269EA74E008700CE /* Debug */,
				86A53BB3269EA74E008700CE /* Release */,
			);
			defaultConfigurationIsVisible = 0;
			defaultConfigurationName = Release;
		};
		86A53BB4269EA74E008700CE /* Build configuration list for PBXNativeTarget "Chai" */ = {
			isa = XCConfigurationList;
			buildConfigurations = (
				86A53BB5269EA74E008700CE /* Debug */,
				86A53BB6269EA74E008700CE /* Release */,
			);
			defaultConfigurationIsVisible = 0;
			defaultConfigurationName = Release;
		};
		86A53BB7269EA74E008700CE /* Build configuration list for PBXNativeTarget "ChaiTests" */ = {
			isa = XCConfigurationList;
			buildConfigurations = (
				86A53BB8269EA74E008700CE /* Debug */,
				86A53BB9269EA74E008700CE /* Release */,
			);
			defaultConfigurationIsVisible = 0;
			defaultConfigurationName = Release;
		};
		86A53BBA269EA74E008700CE /* Build configuration list for PBXNativeTarget "ChaiUITests" */ = {
			isa = XCConfigurationList;
			buildConfigurations = (
				86A53BBB269EA74E008700CE /* Debug */,
				86A53BBC269EA74E008700CE /* Release */,
			);
			defaultConfigurationIsVisible = 0;
			defaultConfigurationName = Release;
		};
/* End XCConfigurationList section */
	};
	rootObject = 86A53B82269EA748008700CE /* Project object */;
}
